# This file is autogenerated, do not edit; changes may be undone by the next 'dep ensure'.


[[projects]]
  branch = "master"
  name = "github.com/coreos/go-systemd"
  packages = ["daemon"]
  revision = "d7b55e18be11bfd0d09b6bd1be308332818b4f46"

[[projects]]
  branch = "master"
  name = "github.com/eclipse/paho.mqtt.golang"
  packages = [
    ".",
    "packets"
  ]
  revision = "20fd5cb1c3bb6bf5419a5fc2627b210d0d4ca2ce"

[[projects]]
  branch = "master"
  name = "github.com/jessevdk/go-flags"
  packages = ["."]
  revision = "f88afde2fa19a30cf50ba4b05b3d13bc6bae3079"

[[projects]]
  branch = "master"
  name = "github.com/martins-home-automation/libs"
  packages = [
    "mediacenter",
    "mqtthelper"
  ]
  revision = "8f93cad3a0e86b2f6595d1228cde3422087c684b"

[[projects]]
  branch = "master"
  name = "golang.org/x/net"
  packages = [
    "proxy",
    "websocket"
  ]
  revision = "6078986fec03a1dcc236c34816c71b0e05018fda"

[[projects]]
  name = "gopkg.in/yaml.v2"
  packages = ["."]
  revision = "7f97868eec74b32b0982dd158a51a446d1da7eb5"
  version = "v2.1.1"

[solve-meta]
  analyzer-name = "dep"
  analyzer-version = 1
  inputs-digest = "4d4e07fc155bffcb72e57b49e52548534d54ef302fea4d29a217967031390d2b"
  solver-name = "gps-cdcl"
  solver-version = 1
